
Microsoft Visual Studio Solution File, Format Version 12.00
# Visual Studio Version 17
VisualStudioVersion = 17.8.34309.116
MinimumVisualStudioVersion = 10.0.40219.1
Project("{FAE04EC0-301F-11D3-BF4B-00C04F79EFBC}") = "RapiPirata", "RapiPirata.csproj", "{069336DE-A659-464A-B1CB-9B67E07F036F}"
EndProject
Global
	GlobalSection(SolutionConfigurationPlatforms) = preSolution
		Debug|Any CPU = Debug|Any CPU
		Release|Any CPU = Release|Any CPU
	EndGlobalSection
	GlobalSection(ProjectConfigurationPlatforms) = postSolution
		{069336DE-A659-464A-B1CB-9B67E07F036F}.Debug|Any CPU.ActiveCfg = Debug|Any CPU
		{069336DE-A659-464A-B1CB-9B67E07F036F}.Debug|Any CPU.Build.0 = Debug|Any CPU
		{069336DE-A659-464A-B1CB-9B67E07F036F}.Debug|Any CPU.Deploy.0 = Debug|Any CPU
		{069336DE-A659-464A-B1CB-9B67E07F036F}.Release|Any CPU.ActiveCfg = Release|Any CPU
		{069336DE-A659-464A-B1CB-9B67E07F036F}.Release|Any CPU.Build.0 = Release|Any CPU
		{069336DE-A659-464A-B1CB-9B67E07F036F}.Release|Any CPU.Deploy.0 = Release|Any CPU
	EndGlobalSection
	GlobalSection(SolutionProperties) = preSolution
		HideSolutionNode = FALSE
	EndGlobalSection
	GlobalSection(ExtensibilityGlobals) = postSolution
		SolutionGuid = {2AAF8B72-981B-4930-ADE1-CCC78B2640D1}
	EndGlobalSection
EndGlobal
